
Microsoft Visual Studio Solution File, Format Version 12.00
# Visual Studio 15
VisualStudioVersion = 15.0.28307.136
MinimumVisualStudioVersion = 10.0.40219.1
Project("{9A19103F-16F7-4668-BE54-9A1E7A4F7556}") = "Controller", "ClassLibrary1\Controller.csproj", "{3D9736D3-CF1F-4B96-B8B6-05857A2E2E7E}"
EndProject
Project("{FAE04EC0-301F-11D3-BF4B-00C04F79EFBC}") = "ClientGUI", "ClientGUI\ClientGUI.csproj", "{9ADDB134-53B6-4779-98BD-718E352A2252}"
EndProject
Project("{FAE04EC0-301F-11D3-BF4B-00C04F79EFBC}") = "Resources", "ClassLibrary2\Resources.csproj", "{98DF4422-E0F0-4641-A856-ADCA8524039F}"
EndProject
Project("{FAE04EC0-301F-11D3-BF4B-00C04F79EFBC}") = "SpreadsheetGUI", "SpreadsheetGUI\SpreadsheetGUI.csproj", "{672DF303-C673-470A-80E1-85F635C98C02}"
EndProject
Project("{54435603-DBB4-11D2-8724-00A0C9A8B90C}") = "Setup2", "Setup2\Setup2.vdproj", "{5E6FD087-C0FE-4140-9DDC-4ABF0444E3A6}"
EndProject
Global
	GlobalSection(SolutionConfigurationPlatforms) = preSolution
		Debug|Any CPU = Debug|Any CPU
		Release|Any CPU = Release|Any CPU
	EndGlobalSection
	GlobalSection(ProjectConfigurationPlatforms) = postSolution
		{3D9736D3-CF1F-4B96-B8B6-05857A2E2E7E}.Debug|Any CPU.ActiveCfg = Debug|Any CPU
		{3D9736D3-CF1F-4B96-B8B6-05857A2E2E7E}.Debug|Any CPU.Build.0 = Debug|Any CPU
		{3D9736D3-CF1F-4B96-B8B6-05857A2E2E7E}.Release|Any CPU.ActiveCfg = Release|Any CPU
		{3D9736D3-CF1F-4B96-B8B6-05857A2E2E7E}.Release|Any CPU.Build.0 = Release|Any CPU
		{9ADDB134-53B6-4779-98BD-718E352A2252}.Debug|Any CPU.ActiveCfg = Debug|Any CPU
		{9ADDB134-53B6-4779-98BD-718E352A2252}.Debug|Any CPU.Build.0 = Debug|Any CPU
		{9ADDB134-53B6-4779-98BD-718E352A2252}.Release|Any CPU.ActiveCfg = Release|Any CPU
		{9ADDB134-53B6-4779-98BD-718E352A2252}.Release|Any CPU.Build.0 = Release|Any CPU
		{98DF4422-E0F0-4641-A856-ADCA8524039F}.Debug|Any CPU.ActiveCfg = Debug|Any CPU
		{98DF4422-E0F0-4641-A856-ADCA8524039F}.Debug|Any CPU.Build.0 = Debug|Any CPU
		{98DF4422-E0F0-4641-A856-ADCA8524039F}.Release|Any CPU.ActiveCfg = Release|Any CPU
		{98DF4422-E0F0-4641-A856-ADCA8524039F}.Release|Any CPU.Build.0 = Release|Any CPU
		{672DF303-C673-470A-80E1-85F635C98C02}.Debug|Any CPU.ActiveCfg = Debug|Any CPU
		{672DF303-C673-470A-80E1-85F635C98C02}.Debug|Any CPU.Build.0 = Debug|Any CPU
		{672DF303-C673-470A-80E1-85F635C98C02}.Release|Any CPU.ActiveCfg = Release|Any CPU
		{672DF303-C673-470A-80E1-85F635C98C02}.Release|Any CPU.Build.0 = Release|Any CPU
		{5E6FD087-C0FE-4140-9DDC-4ABF0444E3A6}.Debug|Any CPU.ActiveCfg = Debug
		{5E6FD087-C0FE-4140-9DDC-4ABF0444E3A6}.Release|Any CPU.ActiveCfg = Release
	EndGlobalSection
	GlobalSection(SolutionProperties) = preSolution
		HideSolutionNode = FALSE
	EndGlobalSection
	GlobalSection(ExtensibilityGlobals) = postSolution
		SolutionGuid = {BCD51711-38BC-43E8-B471-100FF6763453}
	EndGlobalSection
EndGlobal
