
Microsoft Visual Studio Solution File, Format Version 12.00
# Visual Studio 15
VisualStudioVersion = 15.0.28010.2041
MinimumVisualStudioVersion = 10.0.40219.1
Project("{FAE04EC0-301F-11D3-BF4B-00C04F79EFBC}") = "DirectMapped", "ConsoleApp2\DirectMapped.csproj", "{592BFECC-13F1-4107-802F-AFEF87D9A6B5}"
EndProject
Project("{FAE04EC0-301F-11D3-BF4B-00C04F79EFBC}") = "FullyAssociative", "ConsoleApp1\FullyAssociative.csproj", "{7C1357FF-E0EB-4FBC-A5D1-D890DED476BF}"
EndProject
Global
	GlobalSection(SolutionConfigurationPlatforms) = preSolution
		Debug|Any CPU = Debug|Any CPU
		Release|Any CPU = Release|Any CPU
	EndGlobalSection
	GlobalSection(ProjectConfigurationPlatforms) = postSolution
		{592BFECC-13F1-4107-802F-AFEF87D9A6B5}.Debug|Any CPU.ActiveCfg = Debug|Any CPU
		{592BFECC-13F1-4107-802F-AFEF87D9A6B5}.Debug|Any CPU.Build.0 = Debug|Any CPU
		{592BFECC-13F1-4107-802F-AFEF87D9A6B5}.Release|Any CPU.ActiveCfg = Release|Any CPU
		{592BFECC-13F1-4107-802F-AFEF87D9A6B5}.Release|Any CPU.Build.0 = Release|Any CPU
		{7C1357FF-E0EB-4FBC-A5D1-D890DED476BF}.Debug|Any CPU.ActiveCfg = Debug|Any CPU
		{7C1357FF-E0EB-4FBC-A5D1-D890DED476BF}.Debug|Any CPU.Build.0 = Debug|Any CPU
		{7C1357FF-E0EB-4FBC-A5D1-D890DED476BF}.Release|Any CPU.ActiveCfg = Release|Any CPU
		{7C1357FF-E0EB-4FBC-A5D1-D890DED476BF}.Release|Any CPU.Build.0 = Release|Any CPU
	EndGlobalSection
	GlobalSection(SolutionProperties) = preSolution
		HideSolutionNode = FALSE
	EndGlobalSection
	GlobalSection(ExtensibilityGlobals) = postSolution
		SolutionGuid = {FC81E5D3-B3AB-48FF-98FE-DBFAA5DBF85A}
	EndGlobalSection
EndGlobal
