
Microsoft Visual Studio Solution File, Format Version 12.00
# Visual Studio 15
VisualStudioVersion = 15.0.28010.2041
MinimumVisualStudioVersion = 10.0.40219.1
Project("{FAE04EC0-301F-11D3-BF4B-00C04F79EFBC}") = "SpreadsheetGUI", "WindowsFormsApp1\SpreadsheetGUI.csproj", "{672DF303-C673-470A-80E1-85F635C98C02}"
EndProject
Project("{FAE04EC0-301F-11D3-BF4B-00C04F79EFBC}") = "Resources", "Project1\Resources.csproj", "{99DA517E-FF29-4495-B4AA-3F463D294052}"
EndProject
Global
	GlobalSection(SolutionConfigurationPlatforms) = preSolution
		Debug|Any CPU = Debug|Any CPU
		Release|Any CPU = Release|Any CPU
	EndGlobalSection
	GlobalSection(ProjectConfigurationPlatforms) = postSolution
		{672DF303-C673-470A-80E1-85F635C98C02}.Debug|Any CPU.ActiveCfg = Debug|Any CPU
		{672DF303-C673-470A-80E1-85F635C98C02}.Debug|Any CPU.Build.0 = Debug|Any CPU
		{672DF303-C673-470A-80E1-85F635C98C02}.Release|Any CPU.ActiveCfg = Release|Any CPU
		{672DF303-C673-470A-80E1-85F635C98C02}.Release|Any CPU.Build.0 = Release|Any CPU
		{99DA517E-FF29-4495-B4AA-3F463D294052}.Debug|Any CPU.ActiveCfg = Debug|Any CPU
		{99DA517E-FF29-4495-B4AA-3F463D294052}.Debug|Any CPU.Build.0 = Debug|Any CPU
		{99DA517E-FF29-4495-B4AA-3F463D294052}.Release|Any CPU.ActiveCfg = Release|Any CPU
		{99DA517E-FF29-4495-B4AA-3F463D294052}.Release|Any CPU.Build.0 = Release|Any CPU
	EndGlobalSection
	GlobalSection(SolutionProperties) = preSolution
		HideSolutionNode = FALSE
	EndGlobalSection
	GlobalSection(ExtensibilityGlobals) = postSolution
		SolutionGuid = {AB29DB94-197D-4704-817A-3D4B9B68331E}
	EndGlobalSection
EndGlobal
