
Microsoft Visual Studio Solution File, Format Version 12.00
# Visual Studio 15
VisualStudioVersion = 15.0.28010.2003
MinimumVisualStudioVersion = 10.0.40219.1
Project("{FAE04EC0-301F-11D3-BF4B-00C04F79EFBC}") = "ConsoleApp1", "ConsoleApp1\ConsoleApp1.csproj", "{0BC30BDD-F2E9-400A-830F-7F081C626FA9}"
EndProject
Global
	GlobalSection(SolutionConfigurationPlatforms) = preSolution
		Debug|Any CPU = Debug|Any CPU
		Release|Any CPU = Release|Any CPU
	EndGlobalSection
	GlobalSection(ProjectConfigurationPlatforms) = postSolution
		{0BC30BDD-F2E9-400A-830F-7F081C626FA9}.Debug|Any CPU.ActiveCfg = Debug|Any CPU
		{0BC30BDD-F2E9-400A-830F-7F081C626FA9}.Debug|Any CPU.Build.0 = Debug|Any CPU
		{0BC30BDD-F2E9-400A-830F-7F081C626FA9}.Release|Any CPU.ActiveCfg = Release|Any CPU
		{0BC30BDD-F2E9-400A-830F-7F081C626FA9}.Release|Any CPU.Build.0 = Release|Any CPU
	EndGlobalSection
	GlobalSection(SolutionProperties) = preSolution
		HideSolutionNode = FALSE
	EndGlobalSection
	GlobalSection(ExtensibilityGlobals) = postSolution
		SolutionGuid = {5F53D611-A944-4AA4-91DA-EACF831D1C11}
	EndGlobalSection
EndGlobal
